// !$*UTF8*$!
{
	archiveVersion = 1;
	classes = {
	};
	objectVersion = 46;
	objects = {

/* Begin PBXBuildFile section */
		CF4FF4821B9D3111002C77AC /* main.m in Sources */ = {isa = PBXBuildFile; fileRef = CF4FF4811B9D3111002C77AC /* main.m */; };
		CF4FF4851B9D3111002C77AC /* AppDelegate.m in Sources */ = {isa = PBXBuildFile; fileRef = CF4FF4841B9D3111002C77AC /* AppDelegate.m */; };
		CF4FF4881B9D3111002C77AC /* IOSheet.xcdatamodeld in Sources */ = {isa = PBXBuildFile; fileRef = CF4FF4861B9D3111002C77AC /* IOSheet.xcdatamodeld */; };
		CF4FF48E1B9D3111002C77AC /* Main.storyboard in Resources */ = {isa = PBXBuildFile; fileRef = CF4FF48C1B9D3111002C77AC /* Main.storyboard */; };
		CF4FF4901B9D3111002C77AC /* Images.xcassets in Resources */ = {isa = PBXBuildFile; fileRef = CF4FF48F1B9D3111002C77AC /* Images.xcassets */; };
		CF4FF4931B9D3111002C77AC /* LaunchScreen.xib in Resources */ = {isa = PBXBuildFile; fileRef = CF4FF4911B9D3111002C77AC /* LaunchScreen.xib */; };
		CF4FF49F1B9D3111002C77AC /* IOSheetTests.m in Sources */ = {isa = PBXBuildFile; fileRef = CF4FF49E1B9D3111002C77AC /* IOSheetTests.m */; };
		CF4FF4AA1B9D6B4F002C77AC /* MonthViewController.m in Sources */ = {isa = PBXBuildFile; fileRef = CF4FF4A91B9D6B4F002C77AC /* MonthViewController.m */; };
		CF4FF4AD1B9D6CE8002C77AC /* MonthView.m in Sources */ = {isa = PBXBuildFile; fileRef = CF4FF4AC1B9D6CE8002C77AC /* MonthView.m */; };
		CF929F1F1B9E7BCC00456D55 /* DayView.m in Sources */ = {isa = PBXBuildFile; fileRef = CF929F1E1B9E7BCC00456D55 /* DayView.m */; };
		CFA397921BA00FE200A62866 /* NSDate+DateHelper.m in Sources */ = {isa = PBXBuildFile; fileRef = CFA397911BA00FE200A62866 /* NSDate+DateHelper.m */; };
		CFA73B581BA1663200ABA1A3 /* MonthObject.m in Sources */ = {isa = PBXBuildFile; fileRef = CFA73B571BA1663200ABA1A3 /* MonthObject.m */; };
		CFA73B5B1BA1666700ABA1A3 /* DayObject.m in Sources */ = {isa = PBXBuildFile; fileRef = CFA73B5A1BA1666700ABA1A3 /* DayObject.m */; };
/* End PBXBuildFile section */

/* Begin PBXContainerItemProxy section */
		CF4FF4991B9D3111002C77AC /* PBXContainerItemProxy */ = {
			isa = PBXContainerItemProxy;
			containerPortal = CF4FF4741B9D3111002C77AC /* Project object */;
			proxyType = 1;
			remoteGlobalIDString = CF4FF47B1B9D3111002C77AC;
			remoteInfo = IOSheet;
		};
/* End PBXContainerItemProxy section */

/* Begin PBXFileReference section */
		CF4FF47C1B9D3111002C77AC /* IOSheet.app */ = {isa = PBXFileReference; explicitFileType = wrapper.application; includeInIndex = 0; path = IOSheet.app; sourceTree = BUILT_PRODUCTS_DIR; };
		CF4FF4801B9D3111002C77AC /* Info.plist */ = {isa = PBXFileReference; lastKnownFileType = text.plist.xml; path = Info.plist; sourceTree = "<group>"; };
		CF4FF4811B9D3111002C77AC /* main.m */ = {isa = PBXFileReference; lastKnownFileType = sourcecode.c.objc; path = main.m; sourceTree = "<group>"; };
		CF4FF4831B9D3111002C77AC /* AppDelegate.h */ = {isa = PBXFileReference; lastKnownFileType = sourcecode.c.h; path = AppDelegate.h; sourceTree = "<group>"; };
		CF4FF4841B9D3111002C77AC /* AppDelegate.m */ = {isa = PBXFileReference; lastKnownFileType = sourcecode.c.objc; path = AppDelegate.m; sourceTree = "<group>"; };
		CF4FF4871B9D3111002C77AC /* IOSheet.xcdatamodel */ = {isa = PBXFileReference; lastKnownFileType = wrapper.xcdatamodel; path = IOSheet.xcdatamodel; sourceTree = "<group>"; };
		CF4FF48D1B9D3111002C77AC /* Base */ = {isa = PBXFileReference; lastKnownFileType = file.storyboard; name = Base; path = Base.lproj/Main.storyboard; sourceTree = "<group>"; };
		CF4FF48F1B9D3111002C77AC /* Images.xcassets */ = {isa = PBXFileReference; lastKnownFileType = folder.assetcatalog; path = Images.xcassets; sourceTree = "<group>"; };
		CF4FF4921B9D3111002C77AC /* Base */ = {isa = PBXFileReference; lastKnownFileType = file.xib; name = Base; path = Base.lproj/LaunchScreen.xib; sourceTree = "<group>"; };
		CF4FF4981B9D3111002C77AC /* IOSheetTests.xctest */ = {isa = PBXFileReference; explicitFileType = wrapper.cfbundle; includeInIndex = 0; path = IOSheetTests.xctest; sourceTree = BUILT_PRODUCTS_DIR; };
		CF4FF49D1B9D3111002C77AC /* Info.plist */ = {isa = PBXFileReference; lastKnownFileType = text.plist.xml; path = Info.plist; sourceTree = "<group>"; };
		CF4FF49E1B9D3111002C77AC /* IOSheetTests.m */ = {isa = PBXFileReference; lastKnownFileType = sourcecode.c.objc; path = IOSheetTests.m; sourceTree = "<group>"; };
		CF4FF4A81B9D6B4F002C77AC /* MonthViewController.h */ = {isa = PBXFileReference; fileEncoding = 4; lastKnownFileType = sourcecode.c.h; path = MonthViewController.h; sourceTree = "<group>"; };
		CF4FF4A91B9D6B4F002C77AC /* MonthViewController.m */ = {isa = PBXFileReference; fileEncoding = 4; lastKnownFileType = sourcecode.c.objc; path = MonthViewController.m; sourceTree = "<group>"; };
		CF4FF4AB1B9D6CE8002C77AC /* MonthView.h */ = {isa = PBXFileReference; fileEncoding = 4; lastKnownFileType = sourcecode.c.h; path = MonthView.h; sourceTree = "<group>"; };
		CF4FF4AC1B9D6CE8002C77AC /* MonthView.m */ = {isa = PBXFileReference; fileEncoding = 4; lastKnownFileType = sourcecode.c.objc; path = MonthView.m; sourceTree = "<group>"; };
		CF929F1D1B9E7BCC00456D55 /* DayView.h */ = {isa = PBXFileReference; fileEncoding = 4; lastKnownFileType = sourcecode.c.h; path = DayView.h; sourceTree = "<group>"; };
		CF929F1E1B9E7BCC00456D55 /* DayView.m */ = {isa = PBXFileReference; fileEncoding = 4; lastKnownFileType = sourcecode.c.objc; path = DayView.m; sourceTree = "<group>"; };
		CFA397901BA00FE200A62866 /* NSDate+DateHelper.h */ = {isa = PBXFileReference; fileEncoding = 4; lastKnownFileType = sourcecode.c.h; path = "NSDate+DateHelper.h"; sourceTree = "<group>"; };
		CFA397911BA00FE200A62866 /* NSDate+DateHelper.m */ = {isa = PBXFileReference; fileEncoding = 4; lastKnownFileType = sourcecode.c.objc; path = "NSDate+DateHelper.m"; sourceTree = "<group>"; };
		CFA397931BA0120F00A62866 /* define.h */ = {isa = PBXFileReference; lastKnownFileType = sourcecode.c.h; path = define.h; sourceTree = "<group>"; };
		CFA73B561BA1663200ABA1A3 /* MonthObject.h */ = {isa = PBXFileReference; fileEncoding = 4; lastKnownFileType = sourcecode.c.h; path = MonthObject.h; sourceTree = "<group>"; };
		CFA73B571BA1663200ABA1A3 /* MonthObject.m */ = {isa = PBXFileReference; fileEncoding = 4; lastKnownFileType = sourcecode.c.objc; path = MonthObject.m; sourceTree = "<group>"; };
		CFA73B591BA1666700ABA1A3 /* DayObject.h */ = {isa = PBXFileReference; fileEncoding = 4; lastKnownFileType = sourcecode.c.h; path = DayObject.h; sourceTree = "<group>"; };
		CFA73B5A1BA1666700ABA1A3 /* DayObject.m */ = {isa = PBXFileReference; fileEncoding = 4; lastKnownFileType = sourcecode.c.objc; path = DayObject.m; sourceTree = "<group>"; };
/* End PBXFileReference section */

/* Begin PBXFrameworksBuildPhase section */
		CF4FF4791B9D3111002C77AC /* Frameworks */ = {
			isa = PBXFrameworksBuildPhase;
			buildActionMask = 2147483647;
			files = (
			);
			runOnlyForDeploymentPostprocessing = 0;
		};
		CF4FF4951B9D3111002C77AC /* Frameworks */ = {
			isa = PBXFrameworksBuildPhase;
			buildActionMask = 2147483647;
			files = (
			);
			runOnlyForDeploymentPostprocessing = 0;
		};
/* End PBXFrameworksBuildPhase section */

/* Begin PBXGroup section */
		CF4FF4731B9D3111002C77AC = {
			isa = PBXGroup;
			children = (
				CF4FF47E1B9D3111002C77AC /* IOSheet */,
				CF4FF49B1B9D3111002C77AC /* IOSheetTests */,
				CF4FF47D1B9D3111002C77AC /* Products */,
			);
			sourceTree = "<group>";
		};
		CF4FF47D1B9D3111002C77AC /* Products */ = {
			isa = PBXGroup;
			children = (
				CF4FF47C1B9D3111002C77AC /* IOSheet.app */,
				CF4FF4981B9D3111002C77AC /* IOSheetTests.xctest */,
			);
			name = Products;
			sourceTree = "<group>";
		};
		CF4FF47E1B9D3111002C77AC /* IOSheet */ = {
			isa = PBXGroup;
			children = (
				CFA397941BA0230A00A62866 /* Instance */,
				CF929F1C1B9E7B7900456D55 /* View */,
				CF929F1B1B9E7B6B00456D55 /* Controller */,
				CFA3978F1BA00FA900A62866 /* Helper */,
				CFA397931BA0120F00A62866 /* define.h */,
				CF4FF4831B9D3111002C77AC /* AppDelegate.h */,
				CF4FF4841B9D3111002C77AC /* AppDelegate.m */,
				CF4FF48C1B9D3111002C77AC /* Main.storyboard */,
				CF4FF48F1B9D3111002C77AC /* Images.xcassets */,
				CF4FF4911B9D3111002C77AC /* LaunchScreen.xib */,
				CF4FF4861B9D3111002C77AC /* IOSheet.xcdatamodeld */,
				CF4FF47F1B9D3111002C77AC /* Supporting Files */,
			);
			path = IOSheet;
			sourceTree = "<group>";
		};
		CF4FF47F1B9D3111002C77AC /* Supporting Files */ = {
			isa = PBXGroup;
			children = (
				CF4FF4801B9D3111002C77AC /* Info.plist */,
				CF4FF4811B9D3111002C77AC /* main.m */,
			);
			name = "Supporting Files";
			sourceTree = "<group>";
		};
		CF4FF49B1B9D3111002C77AC /* IOSheetTests */ = {
			isa = PBXGroup;
			children = (
				CF4FF49E1B9D3111002C77AC /* IOSheetTests.m */,
				CF4FF49C1B9D3111002C77AC /* Supporting Files */,
			);
			path = IOSheetTests;
			sourceTree = "<group>";
		};
		CF4FF49C1B9D3111002C77AC /* Supporting Files */ = {
			isa = PBXGroup;
			children = (
				CF4FF49D1B9D3111002C77AC /* Info.plist */,
			);
			name = "Supporting Files";
			sourceTree = "<group>";
		};
		CF929F1B1B9E7B6B00456D55 /* Controller */ = {
			isa = PBXGroup;
			children = (
				CF4FF4A81B9D6B4F002C77AC /* MonthViewController.h */,
				CF4FF4A91B9D6B4F002C77AC /* MonthViewController.m */,
			);
			name = Controller;
			sourceTree = "<group>";
		};
		CF929F1C1B9E7B7900456D55 /* View */ = {
			isa = PBXGroup;
			children = (
				CF4FF4AB1B9D6CE8002C77AC /* MonthView.h */,
				CF4FF4AC1B9D6CE8002C77AC /* MonthView.m */,
				CF929F1D1B9E7BCC00456D55 /* DayView.h */,
				CF929F1E1B9E7BCC00456D55 /* DayView.m */,
			);
			name = View;
			sourceTree = "<group>";
		};
		CFA3978F1BA00FA900A62866 /* Helper */ = {
			isa = PBXGroup;
			children = (
				CFA397901BA00FE200A62866 /* NSDate+DateHelper.h */,
				CFA397911BA00FE200A62866 /* NSDate+DateHelper.m */,
			);
			name = Helper;
			sourceTree = "<group>";
		};
		CFA397941BA0230A00A62866 /* Instance */ = {
			isa = PBXGroup;
			children = (
				CFA73B561BA1663200ABA1A3 /* MonthObject.h */,
				CFA73B571BA1663200ABA1A3 /* MonthObject.m */,
				CFA73B591BA1666700ABA1A3 /* DayObject.h */,
				CFA73B5A1BA1666700ABA1A3 /* DayObject.m */,
			);
			name = Instance;
			sourceTree = "<group>";
		};
/* End PBXGroup section */

/* Begin PBXNativeTarget section */
		CF4FF47B1B9D3111002C77AC /* IOSheet */ = {
			isa = PBXNativeTarget;
			buildConfigurationList = CF4FF4A21B9D3111002C77AC /* Build configuration list for PBXNativeTarget "IOSheet" */;
			buildPhases = (
				CF4FF4781B9D3111002C77AC /* Sources */,
				CF4FF4791B9D3111002C77AC /* Frameworks */,
				CF4FF47A1B9D3111002C77AC /* Resources */,
			);
			buildRules = (
			);
			dependencies = (
			);
			name = IOSheet;
			productName = IOSheet;
			productReference = CF4FF47C1B9D3111002C77AC /* IOSheet.app */;
			productType = "com.apple.product-type.application";
		};
		CF4FF4971B9D3111002C77AC /* IOSheetTests */ = {
			isa = PBXNativeTarget;
			buildConfigurationList = CF4FF4A51B9D3111002C77AC /* Build configuration list for PBXNativeTarget "IOSheetTests" */;
			buildPhases = (
				CF4FF4941B9D3111002C77AC /* Sources */,
				CF4FF4951B9D3111002C77AC /* Frameworks */,
				CF4FF4961B9D3111002C77AC /* Resources */,
			);
			buildRules = (
			);
			dependencies = (
				CF4FF49A1B9D3111002C77AC /* PBXTargetDependency */,
			);
			name = IOSheetTests;
			productName = IOSheetTests;
			productReference = CF4FF4981B9D3111002C77AC /* IOSheetTests.xctest */;
			productType = "com.apple.product-type.bundle.unit-test";
		};
/* End PBXNativeTarget section */

/* Begin PBXProject section */
		CF4FF4741B9D3111002C77AC /* Project object */ = {
			isa = PBXProject;
			attributes = {
				LastUpgradeCheck = 0640;
				ORGANIZATIONNAME = "季阳";
				TargetAttributes = {
					CF4FF47B1B9D3111002C77AC = {
						CreatedOnToolsVersion = 6.4;
					};
					CF4FF4971B9D3111002C77AC = {
						CreatedOnToolsVersion = 6.4;
						TestTargetID = CF4FF47B1B9D3111002C77AC;
					};
				};
			};
			buildConfigurationList = CF4FF4771B9D3111002C77AC /* Build configuration list for PBXProject "IOSheet" */;
			compatibilityVersion = "Xcode 3.2";
			developmentRegion = English;
			hasScannedForEncodings = 0;
			knownRegions = (
				en,
				Base,
			);
			mainGroup = CF4FF4731B9D3111002C77AC;
			productRefGroup = CF4FF47D1B9D3111002C77AC /* Products */;
			projectDirPath = "";
			projectRoot = "";
			targets = (
				CF4FF47B1B9D3111002C77AC /* IOSheet */,
				CF4FF4971B9D3111002C77AC /* IOSheetTests */,
			);
		};
/* End PBXProject section */

/* Begin PBXResourcesBuildPhase section */
		CF4FF47A1B9D3111002C77AC /* Resources */ = {
			isa = PBXResourcesBuildPhase;
			buildActionMask = 2147483647;
			files = (
				CF4FF48E1B9D3111002C77AC /* Main.storyboard in Resources */,
				CF4FF4931B9D3111002C77AC /* LaunchScreen.xib in Resources */,
				CF4FF4901B9D3111002C77AC /* Images.xcassets in Resources */,
			);
			runOnlyForDeploymentPostprocessing = 0;
		};
		CF4FF4961B9D3111002C77AC /* Resources */ = {
			isa = PBXResourcesBuildPhase;
			buildActionMask = 2147483647;
			files = (
			);
			runOnlyForDeploymentPostprocessing = 0;
		};
/* End PBXResourcesBuildPhase section */

/* Begin PBXSourcesBuildPhase section */
		CF4FF4781B9D3111002C77AC /* Sources */ = {
			isa = PBXSourcesBuildPhase;
			buildActionMask = 2147483647;
			files = (
				CF4FF4AD1B9D6CE8002C77AC /* MonthView.m in Sources */,
				CF4FF4851B9D3111002C77AC /* AppDelegate.m in Sources */,
				CF4FF4AA1B9D6B4F002C77AC /* MonthViewController.m in Sources */,
				CFA73B581BA1663200ABA1A3 /* MonthObject.m in Sources */,
				CFA397921BA00FE200A62866 /* NSDate+DateHelper.m in Sources */,
				CF4FF4881B9D3111002C77AC /* IOSheet.xcdatamodeld in Sources */,
				CF4FF4821B9D3111002C77AC /* main.m in Sources */,
				CF929F1F1B9E7BCC00456D55 /* DayView.m in Sources */,
				CFA73B5B1BA1666700ABA1A3 /* DayObject.m in Sources */,
			);
			runOnlyForDeploymentPostprocessing = 0;
		};
		CF4FF4941B9D3111002C77AC /* Sources */ = {
			isa = PBXSourcesBuildPhase;
			buildActionMask = 2147483647;
			files = (
				CF4FF49F1B9D3111002C77AC /* IOSheetTests.m in Sources */,
			);
			runOnlyForDeploymentPostprocessing = 0;
		};
/* End PBXSourcesBuildPhase section */

/* Begin PBXTargetDependency section */
		CF4FF49A1B9D3111002C77AC /* PBXTargetDependency */ = {
			isa = PBXTargetDependency;
			target = CF4FF47B1B9D3111002C77AC /* IOSheet */;
			targetProxy = CF4FF4991B9D3111002C77AC /* PBXContainerItemProxy */;
		};
/* End PBXTargetDependency section */

/* Begin PBXVariantGroup section */
		CF4FF48C1B9D3111002C77AC /* Main.storyboard */ = {
			isa = PBXVariantGroup;
			children = (
				CF4FF48D1B9D3111002C77AC /* Base */,
			);
			name = Main.storyboard;
			sourceTree = "<group>";
		};
		CF4FF4911B9D3111002C77AC /* LaunchScreen.xib */ = {
			isa = PBXVariantGroup;
			children = (
				CF4FF4921B9D3111002C77AC /* Base */,
			);
			name = LaunchScreen.xib;
			sourceTree = "<group>";
		};
/* End PBXVariantGroup section */

/* Begin XCBuildConfiguration section */
		CF4FF4A01B9D3111002C77AC /* Debug */ = {
			isa = XCBuildConfiguration;
			buildSettings = {
				ALWAYS_SEARCH_USER_PATHS = NO;
				CLANG_CXX_LANGUAGE_STANDARD = "gnu++0x";
				CLANG_CXX_LIBRARY = "libc++";
				CLANG_ENABLE_MODULES = YES;
				CLANG_ENABLE_OBJC_ARC = YES;
				CLANG_WARN_BOOL_CONVERSION = YES;
				CLANG_WARN_CONSTANT_CONVERSION = YES;
				CLANG_WARN_DIRECT_OBJC_ISA_USAGE = YES_ERROR;
				CLANG_WARN_EMPTY_BODY = YES;
				CLANG_WARN_ENUM_CONVERSION = YES;
				CLANG_WARN_INT_CONVERSION = YES;
				CLANG_WARN_OBJC_ROOT_CLASS = YES_ERROR;
				CLANG_WARN_UNREACHABLE_CODE = YES;
				CLANG_WARN__DUPLICATE_METHOD_MATCH = YES;
				"CODE_SIGN_IDENTITY[sdk=iphoneos*]" = "iPhone Developer";
				COPY_PHASE_STRIP = NO;
				DEBUG_INFORMATION_FORMAT = "dwarf-with-dsym";
				ENABLE_STRICT_OBJC_MSGSEND = YES;
				GCC_C_LANGUAGE_STANDARD = gnu99;
				GCC_DYNAMIC_NO_PIC = NO;
				GCC_NO_COMMON_BLOCKS = YES;
				GCC_OPTIMIZATION_LEVEL = 0;
				GCC_PREPROCESSOR_DEFINITIONS = (
					"DEBUG=1",
					"$(inherited)",
				);
				GCC_SYMBOLS_PRIVATE_EXTERN = NO;
				GCC_WARN_64_TO_32_BIT_CONVERSION = YES;
				GCC_WARN_ABOUT_RETURN_TYPE = YES_ERROR;
				GCC_WARN_UNDECLARED_SELECTOR = YES;
				GCC_WARN_UNINITIALIZED_AUTOS = YES_AGGRESSIVE;
				GCC_WARN_UNUSED_FUNCTION = YES;
				GCC_WARN_UNUSED_VARIABLE = YES;
				IPHONEOS_DEPLOYMENT_TARGET = 8.4;
				MTL_ENABLE_DEBUG_INFO = YES;
				ONLY_ACTIVE_ARCH = YES;
				SDKROOT = iphoneos;
			};
			name = Debug;
		};
		CF4FF4A11B9D3111002C77AC /* Release */ = {
			isa = XCBuildConfiguration;
			buildSettings = {
				ALWAYS_SEARCH_USER_PATHS = NO;
				CLANG_CXX_LANGUAGE_STANDARD = "gnu++0x";
				CLANG_CXX_LIBRARY = "libc++";
				CLANG_ENABLE_MODULES = YES;
				CLANG_ENABLE_OBJC_ARC = YES;
				CLANG_WARN_BOOL_CONVERSION = YES;
				CLANG_WARN_CONSTANT_CONVERSION = YES;
				CLANG_WARN_DIRECT_OBJC_ISA_USAGE = YES_ERROR;
				CLANG_WARN_EMPTY_BODY = YES;
				CLANG_WARN_ENUM_CONVERSION = YES;
				CLANG_WARN_INT_CONVERSION = YES;
				CLANG_WARN_OBJC_ROOT_CLASS = YES_ERROR;
				CLANG_WARN_UNREACHABLE_CODE = YES;
				CLANG_WARN__DUPLICATE_METHOD_MATCH = YES;
				"CODE_SIGN_IDENTITY[sdk=iphoneos*]" = "iPhone Developer";
				COPY_PHASE_STRIP = NO;
				DEBUG_INFORMATION_FORMAT = "dwarf-with-dsym";
				ENABLE_NS_ASSERTIONS = NO;
				ENABLE_STRICT_OBJC_MSGSEND = YES;
				GCC_C_LANGUAGE_STANDARD = gnu99;
				GCC_NO_COMMON_BLOCKS = YES;
				GCC_WARN_64_TO_32_BIT_CONVERSION = YES;
				GCC_WARN_ABOUT_RETURN_TYPE = YES_ERROR;
				GCC_WARN_UNDECLARED_SELECTOR = YES;
				GCC_WARN_UNINITIALIZED_AUTOS = YES_AGGRESSIVE;
				GCC_WARN_UNUSED_FUNCTION = YES;
				GCC_WARN_UNUSED_VARIABLE = YES;
				IPHONEOS_DEPLOYMENT_TARGET = 8.4;
				MTL_ENABLE_DEBUG_INFO = NO;
				SDKROOT = iphoneos;
				VALIDATE_PRODUCT = YES;
			};
			name = Release;
		};
		CF4FF4A31B9D3111002C77AC /* Debug */ = {
			isa = XCBuildConfiguration;
			buildSettings = {
				ASSETCATALOG_COMPILER_APPICON_NAME = AppIcon;
				INFOPLIST_FILE = IOSheet/Info.plist;
				LD_RUNPATH_SEARCH_PATHS = "$(inherited) @executable_path/Frameworks";
				PRODUCT_NAME = "$(TARGET_NAME)";
			};
			name = Debug;
		};
		CF4FF4A41B9D3111002C77AC /* Release */ = {
			isa = XCBuildConfiguration;
			buildSettings = {
				ASSETCATALOG_COMPILER_APPICON_NAME = AppIcon;
				INFOPLIST_FILE = IOSheet/Info.plist;
				LD_RUNPATH_SEARCH_PATHS = "$(inherited) @executable_path/Frameworks";
				PRODUCT_NAME = "$(TARGET_NAME)";
			};
			name = Release;
		};
		CF4FF4A61B9D3111002C77AC /* Debug */ = {
			isa = XCBuildConfiguration;
			buildSettings = {
				BUNDLE_LOADER = "$(TEST_HOST)";
				FRAMEWORK_SEARCH_PATHS = (
					"$(SDKROOT)/Developer/Library/Frameworks",
					"$(inherited)",
				);
				GCC_PREPROCESSOR_DEFINITIONS = (
					"DEBUG=1",
					"$(inherited)",
				);
				INFOPLIST_FILE = IOSheetTests/Info.plist;
				LD_RUNPATH_SEARCH_PATHS = "$(inherited) @executable_path/Frameworks @loader_path/Frameworks";
				PRODUCT_NAME = "$(TARGET_NAME)";
				TEST_HOST = "$(BUILT_PRODUCTS_DIR)/IOSheet.app/IOSheet";
			};
			name = Debug;
		};
		CF4FF4A71B9D3111002C77AC /* Release */ = {
			isa = XCBuildConfiguration;
			buildSettings = {
				BUNDLE_LOADER = "$(TEST_HOST)";
				FRAMEWORK_SEARCH_PATHS = (
					"$(SDKROOT)/Developer/Library/Frameworks",
					"$(inherited)",
				);
				INFOPLIST_FILE = IOSheetTests/Info.plist;
				LD_RUNPATH_SEARCH_PATHS = "$(inherited) @executable_path/Frameworks @loader_path/Frameworks";
				PRODUCT_NAME = "$(TARGET_NAME)";
				TEST_HOST = "$(BUILT_PRODUCTS_DIR)/IOSheet.app/IOSheet";
			};
			name = Release;
		};
/* End XCBuildConfiguration section */

/* Begin XCConfigurationList section */
		CF4FF4771B9D3111002C77AC /* Build configuration list for PBXProject "IOSheet" */ = {
			isa = XCConfigurationList;
			buildConfigurations = (
				CF4FF4A01B9D3111002C77AC /* Debug */,
				CF4FF4A11B9D3111002C77AC /* Release */,
			);
			defaultConfigurationIsVisible = 0;
			defaultConfigurationName = Release;
		};
		CF4FF4A21B9D3111002C77AC /* Build configuration list for PBXNativeTarget "IOSheet" */ = {
			isa = XCConfigurationList;
			buildConfigurations = (
				CF4FF4A31B9D3111002C77AC /* Debug */,
				CF4FF4A41B9D3111002C77AC /* Release */,
			);
			defaultConfigurationIsVisible = 0;
			defaultConfigurationName = Release;
		};
		CF4FF4A51B9D3111002C77AC /* Build configuration list for PBXNativeTarget "IOSheetTests" */ = {
			isa = XCConfigurationList;
			buildConfigurations = (
				CF4FF4A61B9D3111002C77AC /* Debug */,
				CF4FF4A71B9D3111002C77AC /* Release */,
			);
			defaultConfigurationIsVisible = 0;
			defaultConfigurationName = Release;
		};
/* End XCConfigurationList section */

/* Begin XCVersionGroup section */
		CF4FF4861B9D3111002C77AC /* IOSheet.xcdatamodeld */ = {
			isa = XCVersionGroup;
			children = (
				CF4FF4871B9D3111002C77AC /* IOSheet.xcdatamodel */,
			);
			currentVersion = CF4FF4871B9D3111002C77AC /* IOSheet.xcdatamodel */;
			path = IOSheet.xcdatamodeld;
			sourceTree = "<group>";
			versionGroupType = wrapper.xcdatamodel;
		};
/* End XCVersionGroup section */
	};
	rootObject = CF4FF4741B9D3111002C77AC /* Project object */;
}
